
Microsoft Visual Studio Solution File, Format Version 12.00
# Visual Studio Version 17
VisualStudioVersion = 17.0.31611.283
MinimumVisualStudioVersion = 10.0.40219.1
Project("{9A19103F-16F7-4668-BE54-9A1E7A4F7556}") = "MauiAppDI", "MauiAppDI\MauiAppDI.csproj", "{281B53A7-61FE-47A0-92B9-1E3949A66513}"
EndProject
Project("{FAE04EC0-301F-11D3-BF4B-00C04F79EFBC}") = "MauiAppDI.Shared", "MauiAppDI.Shared\MauiAppDI.Shared.csproj", "{616443C3-E37F-48FE-8828-27CB8EAEF560}"
EndProject
Global
	GlobalSection(SolutionConfigurationPlatforms) = preSolution
		Debug|Any CPU = Debug|Any CPU
		Release|Any CPU = Release|Any CPU
	EndGlobalSection
	GlobalSection(ProjectConfigurationPlatforms) = postSolution
		{281B53A7-61FE-47A0-92B9-1E3949A66513}.Debug|Any CPU.ActiveCfg = Debug|Any CPU
		{281B53A7-61FE-47A0-92B9-1E3949A66513}.Debug|Any CPU.Build.0 = Debug|Any CPU
		{281B53A7-61FE-47A0-92B9-1E3949A66513}.Debug|Any CPU.Deploy.0 = Debug|Any CPU
		{281B53A7-61FE-47A0-92B9-1E3949A66513}.Release|Any CPU.ActiveCfg = Release|Any CPU
		{281B53A7-61FE-47A0-92B9-1E3949A66513}.Release|Any CPU.Build.0 = Release|Any CPU
		{281B53A7-61FE-47A0-92B9-1E3949A66513}.Release|Any CPU.Deploy.0 = Release|Any CPU
		{616443C3-E37F-48FE-8828-27CB8EAEF560}.Debug|Any CPU.ActiveCfg = Debug|Any CPU
		{616443C3-E37F-48FE-8828-27CB8EAEF560}.Debug|Any CPU.Build.0 = Debug|Any CPU
		{616443C3-E37F-48FE-8828-27CB8EAEF560}.Release|Any CPU.ActiveCfg = Release|Any CPU
		{616443C3-E37F-48FE-8828-27CB8EAEF560}.Release|Any CPU.Build.0 = Release|Any CPU
	EndGlobalSection
	GlobalSection(SolutionProperties) = preSolution
		HideSolutionNode = FALSE
	EndGlobalSection
	GlobalSection(ExtensibilityGlobals) = postSolution
		SolutionGuid = {61F7FB11-1E47-470C-91E2-47F8143E1572}
	EndGlobalSection
EndGlobal
